
Microsoft Visual Studio Solution File, Format Version 12.00
# Visual Studio Version 17
VisualStudioVersion = 17.12.35506.116
MinimumVisualStudioVersion = 10.0.40219.1
Project("{2150E333-8FDC-42A3-9474-1A3956D46DE8}") = "FrontEnd", "FrontEnd", "{2B4977B7-E768-4EDE-A4C2-14488A00F3E0}"
EndProject
Project("{2150E333-8FDC-42A3-9474-1A3956D46DE8}") = "Gateway", "Gateway", "{9E0E13D9-E54C-44F4-95E7-0EB9D59DB86A}"
EndProject
Project("{2150E333-8FDC-42A3-9474-1A3956D46DE8}") = "Integration", "Integration", "{9FC594B6-8C72-47DC-884B-76B76008561A}"
EndProject
Project("{2150E333-8FDC-42A3-9474-1A3956D46DE8}") = "Services", "Services", "{B653DCDC-E7EB-4748-846C-A7429F766C68}"
EndProject
Project("{FAE04EC0-301F-11D3-BF4B-00C04F79EFBC}") = "Mango.Services.CouponAPI", "Mango.Services.CouponAPI\Mango.Services.CouponAPI.csproj", "{45C64154-D8AD-4412-BAB8-25E22A83260E}"
EndProject
Project("{FAE04EC0-301F-11D3-BF4B-00C04F79EFBC}") = "Mango.Web", "Mango.Web\Mango.Web.csproj", "{1A567031-E15A-4B0E-859A-EDBE2BE785F9}"
EndProject
Project("{FAE04EC0-301F-11D3-BF4B-00C04F79EFBC}") = "Mango.Services.AuthAPI", "Mango.Services.AuthAPI\Mango.Services.AuthAPI.csproj", "{5416629D-1937-4E0A-9AB2-6BB0FB247843}"
EndProject
Project("{FAE04EC0-301F-11D3-BF4B-00C04F79EFBC}") = "Mango.Services.ProductAPI", "Mango.Services.ProductAPI\Mango.Services.ProductAPI.csproj", "{B89D80A1-A8D6-4247-97A6-EF93D956EF0B}"
EndProject
Project("{FAE04EC0-301F-11D3-BF4B-00C04F79EFBC}") = "Mango.Services.ShoppingCartAPI", "Mango.Services.ShoppingCartAPI\Mango.Services.ShoppingCartAPI.csproj", "{8B91E886-CFCA-40D2-8A26-4D1A6F60365E}"
EndProject
Project("{FAE04EC0-301F-11D3-BF4B-00C04F79EFBC}") = "Mango.MessageBus", "Mango.MessageBus\Mango.MessageBus.csproj", "{924AAB21-35FB-41DD-B426-667AC778093F}"
EndProject
Project("{FAE04EC0-301F-11D3-BF4B-00C04F79EFBC}") = "Mango.Services.EmailAPI", "Mango.Services.EmailAPI\Mango.Services.EmailAPI.csproj", "{CB231AE8-B530-4A52-9D7C-AC97C2F736B6}"
EndProject
Project("{FAE04EC0-301F-11D3-BF4B-00C04F79EFBC}") = "Mango.Services.OrderAPI", "Mango.Services.OrderAPI\Mango.Services.OrderAPI.csproj", "{53F9BDF3-CBEA-48DC-964C-67BC09F6FEB0}"
EndProject
Project("{FAE04EC0-301F-11D3-BF4B-00C04F79EFBC}") = "Mango.Services.RewardAPI", "Mango.Services.RewardAPI\Mango.Services.RewardAPI.csproj", "{CC0EA9D9-B244-4DE0-B26E-A4BB1E8162B0}"
EndProject
Project("{FAE04EC0-301F-11D3-BF4B-00C04F79EFBC}") = "Mango.GatewaySolution", "Mango.GatewaySolution\Mango.GatewaySolution.csproj", "{F5EA0FA1-4E07-4BE3-B060-F7A8C1FCB14F}"
EndProject
Global
	GlobalSection(SolutionConfigurationPlatforms) = preSolution
		Debug|Any CPU = Debug|Any CPU
		Release|Any CPU = Release|Any CPU
	EndGlobalSection
	GlobalSection(ProjectConfigurationPlatforms) = postSolution
		{45C64154-D8AD-4412-BAB8-25E22A83260E}.Debug|Any CPU.ActiveCfg = Debug|Any CPU
		{45C64154-D8AD-4412-BAB8-25E22A83260E}.Debug|Any CPU.Build.0 = Debug|Any CPU
		{45C64154-D8AD-4412-BAB8-25E22A83260E}.Release|Any CPU.ActiveCfg = Release|Any CPU
		{45C64154-D8AD-4412-BAB8-25E22A83260E}.Release|Any CPU.Build.0 = Release|Any CPU
		{1A567031-E15A-4B0E-859A-EDBE2BE785F9}.Debug|Any CPU.ActiveCfg = Debug|Any CPU
		{1A567031-E15A-4B0E-859A-EDBE2BE785F9}.Debug|Any CPU.Build.0 = Debug|Any CPU
		{1A567031-E15A-4B0E-859A-EDBE2BE785F9}.Release|Any CPU.ActiveCfg = Release|Any CPU
		{1A567031-E15A-4B0E-859A-EDBE2BE785F9}.Release|Any CPU.Build.0 = Release|Any CPU
		{5416629D-1937-4E0A-9AB2-6BB0FB247843}.Debug|Any CPU.ActiveCfg = Debug|Any CPU
		{5416629D-1937-4E0A-9AB2-6BB0FB247843}.Debug|Any CPU.Build.0 = Debug|Any CPU
		{5416629D-1937-4E0A-9AB2-6BB0FB247843}.Release|Any CPU.ActiveCfg = Release|Any CPU
		{5416629D-1937-4E0A-9AB2-6BB0FB247843}.Release|Any CPU.Build.0 = Release|Any CPU
		{B89D80A1-A8D6-4247-97A6-EF93D956EF0B}.Debug|Any CPU.ActiveCfg = Debug|Any CPU
		{B89D80A1-A8D6-4247-97A6-EF93D956EF0B}.Debug|Any CPU.Build.0 = Debug|Any CPU
		{B89D80A1-A8D6-4247-97A6-EF93D956EF0B}.Release|Any CPU.ActiveCfg = Release|Any CPU
		{B89D80A1-A8D6-4247-97A6-EF93D956EF0B}.Release|Any CPU.Build.0 = Release|Any CPU
		{8B91E886-CFCA-40D2-8A26-4D1A6F60365E}.Debug|Any CPU.ActiveCfg = Debug|Any CPU
		{8B91E886-CFCA-40D2-8A26-4D1A6F60365E}.Debug|Any CPU.Build.0 = Debug|Any CPU
		{8B91E886-CFCA-40D2-8A26-4D1A6F60365E}.Release|Any CPU.ActiveCfg = Release|Any CPU
		{8B91E886-CFCA-40D2-8A26-4D1A6F60365E}.Release|Any CPU.Build.0 = Release|Any CPU
		{924AAB21-35FB-41DD-B426-667AC778093F}.Debug|Any CPU.ActiveCfg = Debug|Any CPU
		{924AAB21-35FB-41DD-B426-667AC778093F}.Debug|Any CPU.Build.0 = Debug|Any CPU
		{924AAB21-35FB-41DD-B426-667AC778093F}.Release|Any CPU.ActiveCfg = Release|Any CPU
		{924AAB21-35FB-41DD-B426-667AC778093F}.Release|Any CPU.Build.0 = Release|Any CPU
		{CB231AE8-B530-4A52-9D7C-AC97C2F736B6}.Debug|Any CPU.ActiveCfg = Debug|Any CPU
		{CB231AE8-B530-4A52-9D7C-AC97C2F736B6}.Debug|Any CPU.Build.0 = Debug|Any CPU
		{CB231AE8-B530-4A52-9D7C-AC97C2F736B6}.Release|Any CPU.ActiveCfg = Release|Any CPU
		{CB231AE8-B530-4A52-9D7C-AC97C2F736B6}.Release|Any CPU.Build.0 = Release|Any CPU
		{53F9BDF3-CBEA-48DC-964C-67BC09F6FEB0}.Debug|Any CPU.ActiveCfg = Debug|Any CPU
		{53F9BDF3-CBEA-48DC-964C-67BC09F6FEB0}.Debug|Any CPU.Build.0 = Debug|Any CPU
		{53F9BDF3-CBEA-48DC-964C-67BC09F6FEB0}.Release|Any CPU.ActiveCfg = Release|Any CPU
		{53F9BDF3-CBEA-48DC-964C-67BC09F6FEB0}.Release|Any CPU.Build.0 = Release|Any CPU
		{CC0EA9D9-B244-4DE0-B26E-A4BB1E8162B0}.Debug|Any CPU.ActiveCfg = Debug|Any CPU
		{CC0EA9D9-B244-4DE0-B26E-A4BB1E8162B0}.Debug|Any CPU.Build.0 = Debug|Any CPU
		{CC0EA9D9-B244-4DE0-B26E-A4BB1E8162B0}.Release|Any CPU.ActiveCfg = Release|Any CPU
		{CC0EA9D9-B244-4DE0-B26E-A4BB1E8162B0}.Release|Any CPU.Build.0 = Release|Any CPU
		{F5EA0FA1-4E07-4BE3-B060-F7A8C1FCB14F}.Debug|Any CPU.ActiveCfg = Debug|Any CPU
		{F5EA0FA1-4E07-4BE3-B060-F7A8C1FCB14F}.Debug|Any CPU.Build.0 = Debug|Any CPU
		{F5EA0FA1-4E07-4BE3-B060-F7A8C1FCB14F}.Release|Any CPU.ActiveCfg = Release|Any CPU
		{F5EA0FA1-4E07-4BE3-B060-F7A8C1FCB14F}.Release|Any CPU.Build.0 = Release|Any CPU
	EndGlobalSection
	GlobalSection(SolutionProperties) = preSolution
		HideSolutionNode = FALSE
	EndGlobalSection
	GlobalSection(NestedProjects) = preSolution
		{45C64154-D8AD-4412-BAB8-25E22A83260E} = {B653DCDC-E7EB-4748-846C-A7429F766C68}
		{1A567031-E15A-4B0E-859A-EDBE2BE785F9} = {2B4977B7-E768-4EDE-A4C2-14488A00F3E0}
		{5416629D-1937-4E0A-9AB2-6BB0FB247843} = {B653DCDC-E7EB-4748-846C-A7429F766C68}
		{B89D80A1-A8D6-4247-97A6-EF93D956EF0B} = {B653DCDC-E7EB-4748-846C-A7429F766C68}
		{8B91E886-CFCA-40D2-8A26-4D1A6F60365E} = {B653DCDC-E7EB-4748-846C-A7429F766C68}
		{924AAB21-35FB-41DD-B426-667AC778093F} = {9FC594B6-8C72-47DC-884B-76B76008561A}
		{CB231AE8-B530-4A52-9D7C-AC97C2F736B6} = {B653DCDC-E7EB-4748-846C-A7429F766C68}
		{53F9BDF3-CBEA-48DC-964C-67BC09F6FEB0} = {B653DCDC-E7EB-4748-846C-A7429F766C68}
		{CC0EA9D9-B244-4DE0-B26E-A4BB1E8162B0} = {B653DCDC-E7EB-4748-846C-A7429F766C68}
		{F5EA0FA1-4E07-4BE3-B060-F7A8C1FCB14F} = {9E0E13D9-E54C-44F4-95E7-0EB9D59DB86A}
	EndGlobalSection
EndGlobal
